Microsoft Visual Studio Solution File, Format Version 12.00
# Visual Studio Version 16
VisualStudioVersion = 16.0.29009.5
MinimumVisualStudioVersion = 10.0.40219.1
Project("{9A19103F-16F7-4668-BE54-9A1E7A4F7556}") = "VirtualAssistant", "VirtualAssistant.csproj", "{66D04EC6-A55A-4269-8C4F-62767691C63E}"
EndProject
Project("{9A19103F-16F7-4668-BE54-9A1E7A4F7556}") = "BotMessageRouting", "BotMessageRouting\BotMessageRouting.csproj", "{D582BFCF-E69A-4332-9AA4-28D8A7919711}"
EndProject
Global
	GlobalSection(SolutionConfigurationPlatforms) = preSolution
		Debug|Any CPU = Debug|Any CPU
		Release|Any CPU = Release|Any CPU
	EndGlobalSection
	GlobalSection(ProjectConfigurationPlatforms) = postSolution
		{66D04EC6-A55A-4269-8C4F-62767691C63E}.Debug|Any CPU.ActiveCfg = Debug|Any CPU
		{66D04EC6-A55A-4269-8C4F-62767691C63E}.Debug|Any CPU.Build.0 = Debug|Any CPU
		{66D04EC6-A55A-4269-8C4F-62767691C63E}.Release|Any CPU.ActiveCfg = Release|Any CPU
		{66D04EC6-A55A-4269-8C4F-62767691C63E}.Release|Any CPU.Build.0 = Release|Any CPU
		{D582BFCF-E69A-4332-9AA4-28D8A7919711}.Debug|Any CPU.ActiveCfg = Debug|Any CPU
		{D582BFCF-E69A-4332-9AA4-28D8A7919711}.Debug|Any CPU.Build.0 = Debug|Any CPU
		{D582BFCF-E69A-4332-9AA4-28D8A7919711}.Release|Any CPU.ActiveCfg = Release|Any CPU
		{D582BFCF-E69A-4332-9AA4-28D8A7919711}.Release|Any CPU.Build.0 = Release|Any CPU
	EndGlobalSection
	GlobalSection(SolutionProperties) = preSolution
		HideSolutionNode = FALSE
	EndGlobalSection
	GlobalSection(ExtensibilityGlobals) = postSolution
		SolutionGuid = {C24FB4D8-5924-4F40-B1A4-9B2DE02F4072}
	EndGlobalSection
EndGlobal
